{
    "_meta": {
        "hash": {
            "sha256": "9a4547616b9601b46820a3af1697ba763aea93e2a88d974de2e6b89fd53a4a6e"
        },
        "pipfile-spec": 6,
        "requires": {
            "python_version": "3.13"
        },
        "sources": [
            {
                "name": "pypi",
                "url": "https://pypi.python.org/simple",
                "verify_ssl": true
            }
        ]
    },
    "default": {
        "anyio": {
            "hashes": [
                "sha256:673c0c244e15788651a4ff38710fea9675823028a6f08a5eda409e0c9840a028",
                "sha256:9f76d541cad6e36af7beb62e978876f3b41e3e04f2c1fbf0884604c0a9c4d93c"
            ],
            "markers": "python_version >= '3.9'",
            "version": "==4.9.0"
        },
        "blinker": {
            "hashes": [
                "sha256:b4ce2265a7abece45e7cc896e98dbebe6cead56bcf805a3d23136d145f5445bf",
                "sha256:ba0efaa9080b619ff2f3459d1d500c57bddea4a6b424b60a91141db6fd2f08bc"
            ],
            "markers": "python_version >= '3.9'",
            "version": "==1.9.0"
        },
        "docutils": {
            "hashes": [
                "sha256:3a6b18732edf182daa3cd12775bbb338cf5691468f91eeeb109deff6ebfa986f",
                "sha256:dafca5b9e384f0e419294eb4d2ff9fa826435bf15f15b7bd45723e8ad76811b2"
            ],
            "markers": "python_version >= '3.9'",
            "version": "==0.21.2"
        },
        "feedgenerator": {
            "hashes": [
                "sha256:93b7ce1c5a86195cafd6a8e9baf6a2a863ebd6d9905e840ce5778f73efd9a8d5",
                "sha256:f075f23f28fd227f097c36b212161c6cf012e1c6caaf7ff53d5d6bb02cd42b9d"
            ],
            "markers": "python_version >= '3.7'",
            "version": "==2.1.0"
        },
        "idna": {
            "hashes": [
                "sha256:12f65c9b470abda6dc35cf8e63cc574b1c52b11df2c86030af0ac09b01b13ea9",
                "sha256:946d195a0d259cbba61165e88e65941f16e9b36ea6ddb97f00452bae8b1287d3"
            ],
            "markers": "python_version >= '3.6'",
            "version": "==3.10"
        },
        "jinja2": {
            "hashes": [
                "sha256:0137fb05990d35f1275a587e9aee6d56da821fc83491a0fb838183be43f66d6d",
                "sha256:85ece4451f492d0c13c5dd7c13a64681a86afae63a5f347908daf103ce6d2f67"
            ],
            "markers": "python_version >= '3.7'",
            "version": "==3.1.6"
        },
        "markdown": {
            "hashes": [
                "sha256:794a929b79c5af141ef5ab0f2f642d0f7b1872981250230e72682346f7cc90dc",
                "sha256:7df81e63f0df5c4b24b7d156eb81e4690595239b7d70937d0409f1b0de319c6f"
            ],
            "index": "pypi",
            "markers": "python_version >= '3.9'",
            "version": "==3.8"
        },
        "markdown-captions": {
            "hashes": [
                "sha256:1c3ec0b674dd41a4c5f125724188c32a17bd46fd527db29f0c55a001e2d7abaf"
            ],
            "index": "pypi",
            "version": "==2.1.2"
        },
        "markdown-it-py": {
            "hashes": [
                "sha256:355216845c60bd96232cd8d8c40e8f9765cc86f46880e43a8fd22dc1a1a8cab1",
                "sha256:e3f60a94fa066dc52ec76661e37c851cb232d92f9886b15cb560aaada2df8feb"
            ],
            "markers": "python_version >= '3.8'",
            "version": "==3.0.0"
        },
        "markupsafe": {
            "hashes": [
                "sha256:0bff5e0ae4ef2e1ae4fdf2dfd5b76c75e5c2fa4132d05fc1b0dabcd20c7e28c4",
                "sha256:0f4ca02bea9a23221c0182836703cbf8930c5e9454bacce27e767509fa286a30",
                "sha256:1225beacc926f536dc82e45f8a4d68502949dc67eea90eab715dea3a21c1b5f0",
                "sha256:131a3c7689c85f5ad20f9f6fb1b866f402c445b220c19fe4308c0b147ccd2ad9",
                "sha256:15ab75ef81add55874e7ab7055e9c397312385bd9ced94920f2802310c930396",
                "sha256:1a9d3f5f0901fdec14d8d2f66ef7d035f2157240a433441719ac9a3fba440b13",
                "sha256:1c99d261bd2d5f6b59325c92c73df481e05e57f19837bdca8413b9eac4bd8028",
                "sha256:1e084f686b92e5b83186b07e8a17fc09e38fff551f3602b249881fec658d3eca",
                "sha256:2181e67807fc2fa785d0592dc2d6206c019b9502410671cc905d132a92866557",
                "sha256:2cb8438c3cbb25e220c2ab33bb226559e7afb3baec11c4f218ffa7308603c832",
                "sha256:3169b1eefae027567d1ce6ee7cae382c57fe26e82775f460f0b2778beaad66c0",
                "sha256:3809ede931876f5b2ec92eef964286840ed3540dadf803dd570c3b7e13141a3b",
                "sha256:38a9ef736c01fccdd6600705b09dc574584b89bea478200c5fbf112a6b0d5579",
                "sha256:3d79d162e7be8f996986c064d1c7c817f6df3a77fe3d6859f6f9e7be4b8c213a",
                "sha256:444dcda765c8a838eaae23112db52f1efaf750daddb2d9ca300bcae1039adc5c",
                "sha256:48032821bbdf20f5799ff537c7ac3d1fba0ba032cfc06194faffa8cda8b560ff",
                "sha256:4aa4e5faecf353ed117801a068ebab7b7e09ffb6e1d5e412dc852e0da018126c",
                "sha256:52305740fe773d09cffb16f8ed0427942901f00adedac82ec8b67752f58a1b22",
                "sha256:569511d3b58c8791ab4c2e1285575265991e6d8f8700c7be0e88f86cb0672094",
                "sha256:57cb5a3cf367aeb1d316576250f65edec5bb3be939e9247ae594b4bcbc317dfb",
                "sha256:5b02fb34468b6aaa40dfc198d813a641e3a63b98c2b05a16b9f80b7ec314185e",
                "sha256:6381026f158fdb7c72a168278597a5e3a5222e83ea18f543112b2662a9b699c5",
                "sha256:6af100e168aa82a50e186c82875a5893c5597a0c1ccdb0d8b40240b1f28b969a",
                "sha256:6c89876f41da747c8d3677a2b540fb32ef5715f97b66eeb0c6b66f5e3ef6f59d",
                "sha256:6e296a513ca3d94054c2c881cc913116e90fd030ad1c656b3869762b754f5f8a",
                "sha256:70a87b411535ccad5ef2f1df5136506a10775d267e197e4cf531ced10537bd6b",
                "sha256:7e94c425039cde14257288fd61dcfb01963e658efbc0ff54f5306b06054700f8",
                "sha256:846ade7b71e3536c4e56b386c2a47adf5741d2d8b94ec9dc3e92e5e1ee1e2225",
                "sha256:88416bd1e65dcea10bc7569faacb2c20ce071dd1f87539ca2ab364bf6231393c",
                "sha256:88b49a3b9ff31e19998750c38e030fc7bb937398b1f78cfa599aaef92d693144",
                "sha256:8c4e8c3ce11e1f92f6536ff07154f9d49677ebaaafc32db9db4620bc11ed480f",
                "sha256:8e06879fc22a25ca47312fbe7c8264eb0b662f6db27cb2d3bbbc74b1df4b9b87",
                "sha256:9025b4018f3a1314059769c7bf15441064b2207cb3f065e6ea1e7359cb46db9d",
                "sha256:93335ca3812df2f366e80509ae119189886b0f3c2b81325d39efdb84a1e2ae93",
                "sha256:9778bd8ab0a994ebf6f84c2b949e65736d5575320a17ae8984a77fab08db94cf",
                "sha256:9e2d922824181480953426608b81967de705c3cef4d1af983af849d7bd619158",
                "sha256:a123e330ef0853c6e822384873bef7507557d8e4a082961e1defa947aa59ba84",
                "sha256:a904af0a6162c73e3edcb969eeeb53a63ceeb5d8cf642fade7d39e7963a22ddb",
                "sha256:ad10d3ded218f1039f11a75f8091880239651b52e9bb592ca27de44eed242a48",
                "sha256:b424c77b206d63d500bcb69fa55ed8d0e6a3774056bdc4839fc9298a7edca171",
                "sha256:b5a6b3ada725cea8a5e634536b1b01c30bcdcd7f9c6fff4151548d5bf6b3a36c",
                "sha256:ba8062ed2cf21c07a9e295d5b8a2a5ce678b913b45fdf68c32d95d6c1291e0b6",
                "sha256:ba9527cdd4c926ed0760bc301f6728ef34d841f405abf9d4f959c478421e4efd",
                "sha256:bbcb445fa71794da8f178f0f6d66789a28d7319071af7a496d4d507ed566270d",
                "sha256:bcf3e58998965654fdaff38e58584d8937aa3096ab5354d493c77d1fdd66d7a1",
                "sha256:c0ef13eaeee5b615fb07c9a7dadb38eac06a0608b41570d8ade51c56539e509d",
                "sha256:cabc348d87e913db6ab4aa100f01b08f481097838bdddf7c7a84b7575b7309ca",
                "sha256:cdb82a876c47801bb54a690c5ae105a46b392ac6099881cdfb9f6e95e4014c6a",
                "sha256:cfad01eed2c2e0c01fd0ecd2ef42c492f7f93902e39a42fc9ee1692961443a29",
                "sha256:d16a81a06776313e817c951135cf7340a3e91e8c1ff2fac444cfd75fffa04afe",
                "sha256:d8213e09c917a951de9d09ecee036d5c7d36cb6cb7dbaece4c71a60d79fb9798",
                "sha256:e07c3764494e3776c602c1e78e298937c3315ccc9043ead7e685b7f2b8d47b3c",
                "sha256:e17c96c14e19278594aa4841ec148115f9c7615a47382ecb6b82bd8fea3ab0c8",
                "sha256:e444a31f8db13eb18ada366ab3cf45fd4b31e4db1236a4448f68778c1d1a5a2f",
                "sha256:e6a2a455bd412959b57a172ce6328d2dd1f01cb2135efda2e4576e8a23fa3b0f",
                "sha256:eaa0a10b7f72326f1372a713e73c3f739b524b3af41feb43e4921cb529f5929a",
                "sha256:eb7972a85c54febfb25b5c4b4f3af4dcc731994c7da0d8a0b4a6eb0640e1d178",
                "sha256:ee55d3edf80167e48ea11a923c7386f4669df67d7994554387f84e7d8b0a2bf0",
                "sha256:f3818cb119498c0678015754eba762e0d61e5b52d34c8b13d770f0719f7b1d79",
                "sha256:f8b3d067f2e40fe93e1ccdd6b2e1d16c43140e76f02fb1319a05cf2b79d99430",
                "sha256:fcabf5ff6eea076f859677f5f0b6b5c1a51e70a376b0579e0eadef8db48c6b50"
            ],
            "markers": "python_version >= '3.9'",
            "version": "==3.0.2"
        },
        "mdurl": {
            "hashes": [
                "sha256:84008a41e51615a49fc9966191ff91509e3c40b939176e643fd50a5c2196b8f8",
                "sha256:bb413d29f5eea38f31dd4754dd7377d4465116fb207585f97bf925588687c1ba"
            ],
            "markers": "python_version >= '3.7'",
            "version": "==0.1.2"
        },
        "ordered-set": {
            "hashes": [
                "sha256:046e1132c71fcf3330438a539928932caf51ddbc582496833e23de611de14562",
                "sha256:694a8e44c87657c59292ede72891eb91d34131f6531463aab3009191c77364a8"
            ],
            "markers": "python_version >= '3.7'",
            "version": "==4.1.0"
        },
        "pelican": {
            "hashes": [
                "sha256:aca6993f6b8a03a20f6828471089cb0504a4dca71e0d30b341fa80ab65668fa4",
                "sha256:b90234487b818d391733acc1306b785934009749b1fc112b879df9bd89478bd8"
            ],
            "index": "pypi",
            "markers": "python_version >= '3.9' and python_version < '4.0'",
            "version": "==4.11.0"
        },
        "pygments": {
            "hashes": [
                "sha256:786ff802f32e91311bff3889f6e9a86e81505fe99f2735bb6d60ae0c5004f199",
                "sha256:b8e6aca0523f3ab76fee51799c488e38782ac06eafcf95e7ba832985c8e7b13a"
            ],
            "index": "pypi",
            "markers": "python_version >= '3.8'",
            "version": "==2.18.0"
        },
        "python-dateutil": {
            "hashes": [
                "sha256:37dd54208da7e1cd875388217d5e00ebd4179249f90fb72437e91a35459a0ad3",
                "sha256:a8b2bc7bffae282281c8140a97d3aa9c14da0b136dfe83f850eea9a5f7470427"
            ],
            "markers": "python_version >= '2.7' and python_version not in '3.0, 3.1, 3.2'",
            "version": "==2.9.0.post0"
        },
        "pytz": {
            "hashes": [
                "sha256:360b9e3dbb49a209c21ad61809c7fb453643e048b38924c765813546746e81c3",
                "sha256:5ddf76296dd8c44c26eb8f4b6f35488f3ccbf6fbbd7adee0b7262d43f0ec2f00"
            ],
            "version": "==2025.2"
        },
        "rich": {
            "hashes": [
                "sha256:1c9491e1951aac09caffd42f448ee3d04e58923ffe14993f6e83068dc395d7e0",
                "sha256:82f1bc23a6a21ebca4ae0c45af9bdbc492ed20231dcb63f297d6d1021a9d5725"
            ],
            "markers": "python_full_version >= '3.8.0'",
            "version": "==14.0.0"
        },
        "six": {
            "hashes": [
                "sha256:4721f391ed90541fddacab5acf947aa0d3dc7d27b2e1e8eda2be8970586c3274",
                "sha256:ff70335d468e7eb6ec65b95b99d3a2836546063f63acc5171de367e834932a81"
            ],
            "markers": "python_version >= '2.7' and python_version not in '3.0, 3.1, 3.2'",
            "version": "==1.17.0"
        },
        "sniffio": {
            "hashes": [
                "sha256:2f6da418d1f1e0fddd844478f41680e794e6051915791a034ff65e5f100525a2",
                "sha256:f4324edc670a0f49750a81b895f35c3adb843cca46f0530f79fc1babb23789dc"
            ],
            "markers": "python_version >= '3.7'",
            "version": "==1.3.1"
        },
        "unidecode": {
            "hashes": [
                "sha256:c3c7606c27503ad8d501270406e345ddb480a7b5f38827eafe4fa82a137f0021",
                "sha256:ce35985008338b676573023acc382d62c264f307c8f7963733405add37ea2b23"
            ],
            "markers": "python_version >= '3.7'",
            "version": "==1.4.0"
        },
        "watchfiles": {
            "hashes": [
                "sha256:0125f91f70e0732a9f8ee01e49515c35d38ba48db507a50c5bdcad9503af5827",
                "sha256:0a04059f4923ce4e856b4b4e5e783a70f49d9663d22a4c3b3298165996d1377f",
                "sha256:0b289572c33a0deae62daa57e44a25b99b783e5f7aed81b314232b3d3c81a11d",
                "sha256:10f6ae86d5cb647bf58f9f655fcf577f713915a5d69057a0371bc257e2553234",
                "sha256:13bb21f8ba3248386337c9fa51c528868e6c34a707f729ab041c846d52a0c69a",
                "sha256:15ac96dd567ad6c71c71f7b2c658cb22b7734901546cd50a475128ab557593ca",
                "sha256:18b3bd29954bc4abeeb4e9d9cf0b30227f0f206c86657674f544cb032296acd5",
                "sha256:1909e0a9cd95251b15bff4261de5dd7550885bd172e3536824bf1cf6b121e200",
                "sha256:1a2902ede862969077b97523987c38db28abbe09fb19866e711485d9fbf0d417",
                "sha256:1a7bac2bde1d661fb31f4d4e8e539e178774b76db3c2c17c4bb3e960a5de07a2",
                "sha256:237f9be419e977a0f8f6b2e7b0475ababe78ff1ab06822df95d914a945eac827",
                "sha256:266710eb6fddc1f5e51843c70e3bebfb0f5e77cf4f27129278c70554104d19ed",
                "sha256:29c7fd632ccaf5517c16a5188e36f6612d6472ccf55382db6c7fe3fcccb7f59f",
                "sha256:2b7a21715fb12274a71d335cff6c71fe7f676b293d322722fe708a9ec81d91f5",
                "sha256:2cfb371be97d4db374cba381b9f911dd35bb5f4c58faa7b8b7106c8853e5d225",
                "sha256:2cfcb3952350e95603f232a7a15f6c5f86c5375e46f0bd4ae70d43e3e063c13d",
                "sha256:2f1fefb2e90e89959447bc0420fddd1e76f625784340d64a2f7d5983ef9ad246",
                "sha256:360a398c3a19672cf93527f7e8d8b60d8275119c5d900f2e184d32483117a705",
                "sha256:3e380c89983ce6e6fe2dd1e1921b9952fb4e6da882931abd1824c092ed495dec",
                "sha256:4a8ec1e4e16e2d5bafc9ba82f7aaecfeec990ca7cd27e84fb6f191804ed2fcfc",
                "sha256:4ab626da2fc1ac277bbf752446470b367f84b50295264d2d313e28dc4405d663",
                "sha256:4b6227351e11c57ae997d222e13f5b6f1f0700d84b8c52304e8675d33a808382",
                "sha256:554389562c29c2c182e3908b149095051f81d28c2fec79ad6c8997d7d63e0009",
                "sha256:5c40fe7dd9e5f81e0847b1ea64e1f5dd79dd61afbedb57759df06767ac719b40",
                "sha256:68b2dddba7a4e6151384e252a5632efcaa9bc5d1c4b567f3cb621306b2ca9f63",
                "sha256:7ee32c9a9bee4d0b7bd7cbeb53cb185cf0b622ac761efaa2eba84006c3b3a614",
                "sha256:830aa432ba5c491d52a15b51526c29e4a4b92bf4f92253787f9726fe01519487",
                "sha256:832ccc221927c860e7286c55c9b6ebcc0265d5e072f49c7f6456c7798d2b39aa",
                "sha256:839ebd0df4a18c5b3c1b890145b5a3f5f64063c2a0d02b13c76d78fe5de34936",
                "sha256:852de68acd6212cd6d33edf21e6f9e56e5d98c6add46f48244bd479d97c967c6",
                "sha256:85fbb6102b3296926d0c62cfc9347f6237fb9400aecd0ba6bbda94cae15f2b3b",
                "sha256:86c0df05b47a79d80351cd179893f2f9c1b1cae49d96e8b3290c7f4bd0ca0a92",
                "sha256:894342d61d355446d02cd3988a7326af344143eb33a2fd5d38482a92072d9563",
                "sha256:8c0db396e6003d99bb2d7232c957b5f0b5634bbd1b24e381a5afcc880f7373fb",
                "sha256:8e637810586e6fe380c8bc1b3910accd7f1d3a9a7262c8a78d4c8fb3ba6a2b3d",
                "sha256:9475b0093767e1475095f2aeb1d219fb9664081d403d1dff81342df8cd707034",
                "sha256:95cf944fcfc394c5f9de794ce581914900f82ff1f855326f25ebcf24d5397418",
                "sha256:974866e0db748ebf1eccab17862bc0f0303807ed9cda465d1324625b81293a18",
                "sha256:9848b21ae152fe79c10dd0197304ada8f7b586d3ebc3f27f43c506e5a52a863c",
                "sha256:9f4571a783914feda92018ef3901dab8caf5b029325b5fe4558c074582815249",
                "sha256:a056c2f692d65bf1e99c41045e3bdcaea3cb9e6b5a53dcaf60a5f3bd95fc9763",
                "sha256:a0dbcb1c2d8f2ab6e0a81c6699b236932bd264d4cef1ac475858d16c403de74d",
                "sha256:a16512051a822a416b0d477d5f8c0e67b67c1a20d9acecb0aafa3aa4d6e7d256",
                "sha256:a2014a2b18ad3ca53b1f6c23f8cd94a18ce930c1837bd891262c182640eb40a6",
                "sha256:a3904d88955fda461ea2531fcf6ef73584ca921415d5cfa44457a225f4a42bc1",
                "sha256:a74add8d7727e6404d5dc4dcd7fac65d4d82f95928bbee0cf5414c900e86773e",
                "sha256:ab44e1580924d1ffd7b3938e02716d5ad190441965138b4aa1d1f31ea0877f04",
                "sha256:b551d4fb482fc57d852b4541f911ba28957d051c8776e79c3b4a51eb5e2a1b11",
                "sha256:b5eb568c2aa6018e26da9e6c86f3ec3fd958cee7f0311b35c2630fa4217d17f2",
                "sha256:b659576b950865fdad31fa491d31d37cf78b27113a7671d39f919828587b429b",
                "sha256:b6e76ceb1dd18c8e29c73f47d41866972e891fc4cc7ba014f487def72c1cf096",
                "sha256:b7529b5dcc114679d43827d8c35a07c493ad6f083633d573d81c660abc5979e9",
                "sha256:b9dca99744991fc9850d18015c4f0438865414e50069670f5f7eee08340d8b40",
                "sha256:ba5552a1b07c8edbf197055bc9d518b8f0d98a1c6a73a293bc0726dce068ed01",
                "sha256:bfe0cbc787770e52a96c6fda6726ace75be7f840cb327e1b08d7d54eadc3bc85",
                "sha256:c0901429650652d3f0da90bad42bdafc1f9143ff3605633c455c999a2d786cac",
                "sha256:cb1489f25b051a89fae574505cc26360c8e95e227a9500182a7fe0afcc500ce0",
                "sha256:cd47d063fbeabd4c6cae1d4bcaa38f0902f8dc5ed168072874ea11d0c7afc1ff",
                "sha256:d363152c5e16b29d66cbde8fa614f9e313e6f94a8204eaab268db52231fe5358",
                "sha256:d5730f3aa35e646103b53389d5bc77edfbf578ab6dab2e005142b5b80a35ef25",
                "sha256:d6f9367b132078b2ceb8d066ff6c93a970a18c3029cea37bfd7b2d3dd2e5db8f",
                "sha256:dfd6ae1c385ab481766b3c61c44aca2b3cd775f6f7c0fa93d979ddec853d29d5",
                "sha256:e0da39ff917af8b27a4bdc5a97ac577552a38aac0d260a859c1517ea3dc1a7c4",
                "sha256:ecf6cd9f83d7c023b1aba15d13f705ca7b7d38675c121f3cc4a6e25bd0857ee9",
                "sha256:ee0822ce1b8a14fe5a066f93edd20aada932acfe348bede8aa2149f1a4489512",
                "sha256:f2e55a9b162e06e3f862fb61e399fe9f05d908d019d87bf5b496a04ef18a970a",
                "sha256:f436601594f15bf406518af922a89dcaab416568edb6f65c4e5bbbad1ea45c11",
                "sha256:f59b870db1f1ae5a9ac28245707d955c8721dd6565e7f411024fa374b5362d1d",
                "sha256:fc533aa50664ebd6c628b2f30591956519462f5d27f951ed03d6c82b2dfd9965",
                "sha256:fe43139b2c0fdc4a14d4f8d5b5d967f7a2777fd3d38ecf5b1ec669b0d7e43c21",
                "sha256:fed1cd825158dcaae36acce7b2db33dcbfd12b30c34317a88b8ed80f0541cc57"
            ],
            "markers": "python_version >= '3.9'",
            "version": "==1.0.5"
        }
    },
    "develop": {}
}
