# THIS IS AN AUTOGENERATED FILE. DO NOT EDIT THIS FILE DIRECTLY.
# yarn lockfile v1


"@types/node@^13.1.2":
  version "13.1.2"
  resolved "https://registry.yarnpkg.com/@types/node/-/node-13.1.2.tgz#fe94285bf5e0782e1a9e5a8c482b1c34465fa385"
  integrity sha512-B8emQA1qeKerqd1dmIsQYnXi+mmAzTB7flExjmy5X1aVAKFNNNDubkavwR13kR6JnpeLp3aLoJhwn9trWPAyFQ==

runtypes@^4.0.3:
  version "4.0.3"
  resolved "https://registry.yarnpkg.com/runtypes/-/runtypes-4.0.3.tgz#dd32206633c1166a45c22d64abcabeb5c5c790b7"
  integrity sha512-ss4Smt9GVqz7TP1hPNZ5Kdz0poUVO04IMzSpk4iaKOvFPOpcDleQUb8yGpzdsA2rzwZXy2ztU2PA10qhcNMwZw==

typescript@^3.7.2:
  version "3.7.2"
  resolved "https://registry.yarnpkg.com/typescript/-/typescript-3.7.2.tgz#27e489b95fa5909445e9fef5ee48d81697ad18fb"
  integrity sha512-ml7V7JfiN2Xwvcer+XAf2csGO1bPBdRbFCkYBczNZggrBZ9c7G3riSUeJmqEU5uOtXNPMhE3n+R4FA/3YOAWOQ==
